
Microsoft Visual Studio Solution File, Format Version 12.00
# Visual Studio 15
VisualStudioVersion = 15.0.27130.2024
MinimumVisualStudioVersion = 10.0.40219.1
Project("{FAE04EC0-301F-11D3-BF4B-00C04F79EFBC}") = "Hello", "Hello\Hello.csproj", "{D4388B4D-6B48-4FB7-B67E-B287564A8D5B}"
EndProject
Global
	GlobalSection(SolutionConfigurationPlatforms) = preSolution
		Debug|Any CPU = Debug|Any CPU
		Release|Any CPU = Release|Any CPU
	EndGlobalSection
	GlobalSection(ProjectConfigurationPlatforms) = postSolution
		{D4388B4D-6B48-4FB7-B67E-B287564A8D5B}.Debug|Any CPU.ActiveCfg = Debug|Any CPU
		{D4388B4D-6B48-4FB7-B67E-B287564A8D5B}.Debug|Any CPU.Build.0 = Debug|Any CPU
		{D4388B4D-6B48-4FB7-B67E-B287564A8D5B}.Release|Any CPU.ActiveCfg = Release|Any CPU
		{D4388B4D-6B48-4FB7-B67E-B287564A8D5B}.Release|Any CPU.Build.0 = Release|Any CPU
	EndGlobalSection
	GlobalSection(SolutionProperties) = preSolution
		HideSolutionNode = FALSE
	EndGlobalSection
	GlobalSection(ExtensibilityGlobals) = postSolution
		SolutionGuid = {DC166150-38EF-4396-86B4-AC7C48655BE1}
	EndGlobalSection
EndGlobal
